
Microsoft Visual Studio Solution File, Format Version 12.00
# Visual Studio 15
VisualStudioVersion = 15.0.28307.757
MinimumVisualStudioVersion = 10.0.40219.1
Project("{FAE04EC0-301F-11D3-BF4B-00C04F79EFBC}") = "NewDemo", "NewDemo\NewDemo.csproj", "{885A4041-1809-4EE1-925A-65ABCA71FFF5}"
EndProject
Global
	GlobalSection(SolutionConfigurationPlatforms) = preSolution
		Debug|Any CPU = Debug|Any CPU
		Release|Any CPU = Release|Any CPU
	EndGlobalSection
	GlobalSection(ProjectConfigurationPlatforms) = postSolution
		{885A4041-1809-4EE1-925A-65ABCA71FFF5}.Debug|Any CPU.ActiveCfg = Debug|Any CPU
		{885A4041-1809-4EE1-925A-65ABCA71FFF5}.Debug|Any CPU.Build.0 = Debug|Any CPU
		{885A4041-1809-4EE1-925A-65ABCA71FFF5}.Release|Any CPU.ActiveCfg = Release|Any CPU
		{885A4041-1809-4EE1-925A-65ABCA71FFF5}.Release|Any CPU.Build.0 = Release|Any CPU
	EndGlobalSection
	GlobalSection(SolutionProperties) = preSolution
		HideSolutionNode = FALSE
	EndGlobalSection
	GlobalSection(ExtensibilityGlobals) = postSolution
		SolutionGuid = {6ADD3398-6E35-46FD-B9F9-8F9348A3C604}
	EndGlobalSection
EndGlobal
